
Microsoft Visual Studio Solution File, Format Version 12.00
# Visual Studio Version 17
VisualStudioVersion = 17.2.32630.192
MinimumVisualStudioVersion = 10.0.40219.1
Project("{9A19103F-16F7-4668-BE54-9A1E7A4F7556}") = "F10Y.NG0008", "F10Y.NG0008\F10Y.NG0008.csproj", "{8DEAC0FF-6F70-4C47-9BC8-81AF1D0A39CA}"
EndProject
Global
	GlobalSection(SolutionConfigurationPlatforms) = preSolution
		Debug|Any CPU = Debug|Any CPU
		Release|Any CPU = Release|Any CPU
	EndGlobalSection
	GlobalSection(ProjectConfigurationPlatforms) = postSolution
		{8DEAC0FF-6F70-4C47-9BC8-81AF1D0A39CA}.Debug|Any CPU.ActiveCfg = Debug|Any CPU
		{8DEAC0FF-6F70-4C47-9BC8-81AF1D0A39CA}.Debug|Any CPU.Build.0 = Debug|Any CPU
		{8DEAC0FF-6F70-4C47-9BC8-81AF1D0A39CA}.Release|Any CPU.ActiveCfg = Release|Any CPU
		{8DEAC0FF-6F70-4C47-9BC8-81AF1D0A39CA}.Release|Any CPU.Build.0 = Release|Any CPU
	EndGlobalSection
	GlobalSection(SolutionProperties) = preSolution
		HideSolutionNode = FALSE
	EndGlobalSection
	GlobalSection(ExtensibilityGlobals) = postSolution
		SolutionGuid = {0C7878EA-CBD1-4C0F-8A95-6AE348D61356}
	EndGlobalSection
EndGlobal
